
Microsoft Visual Studio Solution File, Format Version 12.00
Project("{FAE04EC0-301F-11D3-BF4B-00C04F79EFBC}") = "Ingot", "Ingot\Ingot.csproj", "{F874D601-A7E9-4AC2-B8FD-2404DDE5555B}"
EndProject
Global
	GlobalSection(SolutionConfigurationPlatforms) = preSolution
		Debug|Any CPU = Debug|Any CPU
		Release|Any CPU = Release|Any CPU
	EndGlobalSection
	GlobalSection(ProjectConfigurationPlatforms) = postSolution
		{F874D601-A7E9-4AC2-B8FD-2404DDE5555B}.Debug|Any CPU.ActiveCfg = Debug|Any CPU
		{F874D601-A7E9-4AC2-B8FD-2404DDE5555B}.Debug|Any CPU.Build.0 = Debug|Any CPU
		{F874D601-A7E9-4AC2-B8FD-2404DDE5555B}.Release|Any CPU.ActiveCfg = Release|Any CPU
		{F874D601-A7E9-4AC2-B8FD-2404DDE5555B}.Release|Any CPU.Build.0 = Release|Any CPU
	EndGlobalSection
EndGlobal
